
Microsoft Visual Studio Solution File, Format Version 12.00
# Visual Studio 15
VisualStudioVersion = 15.0.28307.136
MinimumVisualStudioVersion = 10.0.40219.1
Project("{FAE04EC0-301F-11D3-BF4B-00C04F79EFBC}") = "DadisService", "DadisService\DadisService.csproj", "{5F76BD11-B768-4DEC-B5CA-BEC2B17FFE65}"
EndProject
Project("{FAE04EC0-301F-11D3-BF4B-00C04F79EFBC}") = "DadisConnectorDb", "DadisConnectorDb\DadisConnectorDb.csproj", "{B1F6504B-1E71-499E-A063-5C5E8B2724D2}"
EndProject
Global
	GlobalSection(SolutionConfigurationPlatforms) = preSolution
		Debug|Any CPU = Debug|Any CPU
		Release|Any CPU = Release|Any CPU
	EndGlobalSection
	GlobalSection(ProjectConfigurationPlatforms) = postSolution
		{5F76BD11-B768-4DEC-B5CA-BEC2B17FFE65}.Debug|Any CPU.ActiveCfg = Debug|Any CPU
		{5F76BD11-B768-4DEC-B5CA-BEC2B17FFE65}.Debug|Any CPU.Build.0 = Debug|Any CPU
		{5F76BD11-B768-4DEC-B5CA-BEC2B17FFE65}.Release|Any CPU.ActiveCfg = Release|Any CPU
		{5F76BD11-B768-4DEC-B5CA-BEC2B17FFE65}.Release|Any CPU.Build.0 = Release|Any CPU
		{B1F6504B-1E71-499E-A063-5C5E8B2724D2}.Debug|Any CPU.ActiveCfg = Debug|Any CPU
		{B1F6504B-1E71-499E-A063-5C5E8B2724D2}.Debug|Any CPU.Build.0 = Debug|Any CPU
		{B1F6504B-1E71-499E-A063-5C5E8B2724D2}.Release|Any CPU.ActiveCfg = Release|Any CPU
		{B1F6504B-1E71-499E-A063-5C5E8B2724D2}.Release|Any CPU.Build.0 = Release|Any CPU
	EndGlobalSection
	GlobalSection(SolutionProperties) = preSolution
		HideSolutionNode = FALSE
	EndGlobalSection
	GlobalSection(ExtensibilityGlobals) = postSolution
		SolutionGuid = {62BA10B6-64AD-49C8-9F33-AE5051599F5B}
	EndGlobalSection
EndGlobal
